
Microsoft Visual Studio Solution File, Format Version 12.00
# Visual Studio Version 16
VisualStudioVersion = 16.0.31911.196
MinimumVisualStudioVersion = 10.0.40219.1
Project("{FAE04EC0-301F-11D3-BF4B-00C04F79EFBC}") = "SkyboxPlugin", "SkyboxPlugin\SkyboxPlugin.csproj", "{949198D0-FE65-4065-B10B-9C8DF6B6C770}"
EndProject
Global
	GlobalSection(SolutionConfigurationPlatforms) = preSolution
		Debug|Any CPU = Debug|Any CPU
		Release|Any CPU = Release|Any CPU
	EndGlobalSection
	GlobalSection(ProjectConfigurationPlatforms) = postSolution
		{949198D0-FE65-4065-B10B-9C8DF6B6C770}.Debug|Any CPU.ActiveCfg = Debug|Any CPU
		{949198D0-FE65-4065-B10B-9C8DF6B6C770}.Debug|Any CPU.Build.0 = Debug|Any CPU
		{949198D0-FE65-4065-B10B-9C8DF6B6C770}.Release|Any CPU.ActiveCfg = Release|Any CPU
		{949198D0-FE65-4065-B10B-9C8DF6B6C770}.Release|Any CPU.Build.0 = Release|Any CPU
	EndGlobalSection
	GlobalSection(SolutionProperties) = preSolution
		HideSolutionNode = FALSE
	EndGlobalSection
	GlobalSection(ExtensibilityGlobals) = postSolution
		SolutionGuid = {41059363-D11B-44B4-BF7E-9FF219B5EC6A}
	EndGlobalSection
EndGlobal
